
Microsoft Visual Studio Solution File, Format Version 12.00
# Visual Studio Version 16
VisualStudioVersion = 16.0.32228.343
MinimumVisualStudioVersion = 10.0.40219.1
Project("{FAE04EC0-301F-11D3-BF4B-00C04F79EFBC}") = "dotnetcorebooksapp", "dotnetcorebooksapp\dotnetcorebooksapp.csproj", "{154EA4E5-965D-4159-97BF-75DF5E0369B7}"
EndProject
Project("{FAE04EC0-301F-11D3-BF4B-00C04F79EFBC}") = "DALayer", "DALayer\DALayer.csproj", "{F3D0C824-58A3-4F09-B25D-853AA8B2300B}"
EndProject
Global
	GlobalSection(SolutionConfigurationPlatforms) = preSolution
		Debug|Any CPU = Debug|Any CPU
		Release|Any CPU = Release|Any CPU
	EndGlobalSection
	GlobalSection(ProjectConfigurationPlatforms) = postSolution
		{154EA4E5-965D-4159-97BF-75DF5E0369B7}.Debug|Any CPU.ActiveCfg = Debug|Any CPU
		{154EA4E5-965D-4159-97BF-75DF5E0369B7}.Debug|Any CPU.Build.0 = Debug|Any CPU
		{154EA4E5-965D-4159-97BF-75DF5E0369B7}.Release|Any CPU.ActiveCfg = Release|Any CPU
		{154EA4E5-965D-4159-97BF-75DF5E0369B7}.Release|Any CPU.Build.0 = Release|Any CPU
		{F3D0C824-58A3-4F09-B25D-853AA8B2300B}.Debug|Any CPU.ActiveCfg = Debug|Any CPU
		{F3D0C824-58A3-4F09-B25D-853AA8B2300B}.Debug|Any CPU.Build.0 = Debug|Any CPU
		{F3D0C824-58A3-4F09-B25D-853AA8B2300B}.Release|Any CPU.ActiveCfg = Release|Any CPU
		{F3D0C824-58A3-4F09-B25D-853AA8B2300B}.Release|Any CPU.Build.0 = Release|Any CPU
	EndGlobalSection
	GlobalSection(SolutionProperties) = preSolution
		HideSolutionNode = FALSE
	EndGlobalSection
	GlobalSection(ExtensibilityGlobals) = postSolution
		SolutionGuid = {66C35BB3-C082-4868-8854-586FB6999C47}
	EndGlobalSection
EndGlobal
